
Microsoft Visual Studio Solution File, Format Version 12.00
# Visual Studio Version 17
VisualStudioVersion = 17.9.34701.34
MinimumVisualStudioVersion = 10.0.40219.1
Project("{9A19103F-16F7-4668-BE54-9A1E7A4F7556}") = "Deo.Accountant.Services", "Deo.Accountant.Services\Deo.Accountant.Services.csproj", "{F6E2A5C2-5570-488B-9761-EE75603A7EB2}"
EndProject
Project("{9A19103F-16F7-4668-BE54-9A1E7A4F7556}") = "Deo.Provider", "..\Deo.Provider\Deo.Provider\Deo.Provider.csproj", "{614D5372-7C98-41D2-B4E8-0CC591C30F91}"
EndProject
Project("{9A19103F-16F7-4668-BE54-9A1E7A4F7556}") = "Deo.Mutiyat.Repository.CRUD", "..\Deo.Mutiyat.Repository.CRUD\Deo.Mutiyat.Repository.CRUD\Deo.Mutiyat.Repository.CRUD.csproj", "{DC4E7946-2902-4602-90DE-999B9C9821EA}"
EndProject
Global
	GlobalSection(SolutionConfigurationPlatforms) = preSolution
		Debug|Any CPU = Debug|Any CPU
		Release|Any CPU = Release|Any CPU
	EndGlobalSection
	GlobalSection(ProjectConfigurationPlatforms) = postSolution
		{F6E2A5C2-5570-488B-9761-EE75603A7EB2}.Debug|Any CPU.ActiveCfg = Debug|Any CPU
		{F6E2A5C2-5570-488B-9761-EE75603A7EB2}.Debug|Any CPU.Build.0 = Debug|Any CPU
		{F6E2A5C2-5570-488B-9761-EE75603A7EB2}.Release|Any CPU.ActiveCfg = Release|Any CPU
		{F6E2A5C2-5570-488B-9761-EE75603A7EB2}.Release|Any CPU.Build.0 = Release|Any CPU
		{614D5372-7C98-41D2-B4E8-0CC591C30F91}.Debug|Any CPU.ActiveCfg = Debug|Any CPU
		{614D5372-7C98-41D2-B4E8-0CC591C30F91}.Debug|Any CPU.Build.0 = Debug|Any CPU
		{614D5372-7C98-41D2-B4E8-0CC591C30F91}.Release|Any CPU.ActiveCfg = Release|Any CPU
		{614D5372-7C98-41D2-B4E8-0CC591C30F91}.Release|Any CPU.Build.0 = Release|Any CPU
		{DC4E7946-2902-4602-90DE-999B9C9821EA}.Debug|Any CPU.ActiveCfg = Debug|Any CPU
		{DC4E7946-2902-4602-90DE-999B9C9821EA}.Debug|Any CPU.Build.0 = Debug|Any CPU
		{DC4E7946-2902-4602-90DE-999B9C9821EA}.Release|Any CPU.ActiveCfg = Release|Any CPU
		{DC4E7946-2902-4602-90DE-999B9C9821EA}.Release|Any CPU.Build.0 = Release|Any CPU
	EndGlobalSection
	GlobalSection(SolutionProperties) = preSolution
		HideSolutionNode = FALSE
	EndGlobalSection
	GlobalSection(ExtensibilityGlobals) = postSolution
		SolutionGuid = {84C24B9F-9DDF-4455-8087-CF6B842DDAEF}
	EndGlobalSection
EndGlobal
